// !$*UTF8*$!
{
	archiveVersion = 1;
	classes = {
	};
	objectVersion = 77;
	objects = {

/* Begin PBXBuildFile section */
		3D6A117B2FD70F07003012AB /* AppDelegate.swift in Sources */ = {isa = PBXBuildFile; fileRef = 3D6A117A2FD70F07003012AB /* AppDelegate.swift */; };
		3D6A117F2FD70F07003012AB /* Main.html in Resources */ = {isa = PBXBuildFile; fileRef = 3D6A117D2FD70F07003012AB /* Main.html */; };
		3D6A11812FD70F07003012AB /* Icon.png in Resources */ = {isa = PBXBuildFile; fileRef = 3D6A11802FD70F07003012AB /* Icon.png */; };
		3D6A11832FD70F07003012AB /* Style.css in Resources */ = {isa = PBXBuildFile; fileRef = 3D6A11822FD70F07003012AB /* Style.css */; };
		3D6A11852FD70F07003012AB /* Script.js in Resources */ = {isa = PBXBuildFile; fileRef = 3D6A11842FD70F07003012AB /* Script.js */; };
		3D6A11872FD70F07003012AB /* ViewController.swift in Sources */ = {isa = PBXBuildFile; fileRef = 3D6A11862FD70F07003012AB /* ViewController.swift */; };
		3D6A118A2FD70F07003012AB /* Main.storyboard in Resources */ = {isa = PBXBuildFile; fileRef = 3D6A11882FD70F07003012AB /* Main.storyboard */; };
		3D6A118C2FD70F0A003012AB /* Assets.xcassets in Resources */ = {isa = PBXBuildFile; fileRef = 3D6A118B2FD70F0A003012AB /* Assets.xcassets */; };
		3D6A11932FD70F0A003012AB /* Hookmarks Extension.appex in Embed Foundation Extensions */ = {isa = PBXBuildFile; fileRef = 3D6A11922FD70F0A003012AB /* Hookmarks Extension.appex */; settings = {ATTRIBUTES = (RemoveHeadersOnCopy, ); }; };
		3D6A11982FD70F0A003012AB /* SafariWebExtensionHandler.swift in Sources */ = {isa = PBXBuildFile; fileRef = 3D6A11972FD70F0A003012AB /* SafariWebExtensionHandler.swift */; };
		3D6A11AC2FD70F0B003012AB /* popup.js in Resources */ = {isa = PBXBuildFile; fileRef = 3D6A11A42FD70F0B003012AB /* popup.js */; };
		3D6A11AD2FD70F0B003012AB /* background.js in Resources */ = {isa = PBXBuildFile; fileRef = 3D6A11A62FD70F0B003012AB /* background.js */; };
		3D6A11AE2FD70F0B003012AB /* popup.html in Resources */ = {isa = PBXBuildFile; fileRef = 3D6A11A72FD70F0B003012AB /* popup.html */; };
		3D6A11AF2FD70F0B003012AB /* manifest.json in Resources */ = {isa = PBXBuildFile; fileRef = 3D6A11A92FD70F0B003012AB /* manifest.json */; };
		3D6A11B02FD70F0B003012AB /* content.js in Resources */ = {isa = PBXBuildFile; fileRef = 3D6A11AA2FD70F0B003012AB /* content.js */; };
/* End PBXBuildFile section */

/* Begin PBXContainerItemProxy section */
		3D6A11942FD70F0A003012AB /* PBXContainerItemProxy */ = {
			isa = PBXContainerItemProxy;
			containerPortal = 3D6A116F2FD70F07003012AB /* Project object */;
			proxyType = 1;
			remoteGlobalIDString = 3D6A11912FD70F0A003012AB;
			remoteInfo = "Hookmarks Extension";
		};
/* End PBXContainerItemProxy section */

/* Begin PBXCopyFilesBuildPhase section */
		3D6A119F2FD70F0A003012AB /* Embed Foundation Extensions */ = {
			isa = PBXCopyFilesBuildPhase;
			buildActionMask = 2147483647;
			dstPath = "";
			dstSubfolderSpec = 13;
			files = (
				3D6A11932FD70F0A003012AB /* Hookmarks Extension.appex in Embed Foundation Extensions */,
			);
			name = "Embed Foundation Extensions";
			runOnlyForDeploymentPostprocessing = 0;
		};
/* End PBXCopyFilesBuildPhase section */

/* Begin PBXFileReference section */
		3D6A11772FD70F07003012AB /* Hookmarks.app */ = {isa = PBXFileReference; explicitFileType = wrapper.application; includeInIndex = 0; path = Hookmarks.app; sourceTree = BUILT_PRODUCTS_DIR; };
		3D6A117A2FD70F07003012AB /* AppDelegate.swift */ = {isa = PBXFileReference; lastKnownFileType = sourcecode.swift; path = AppDelegate.swift; sourceTree = "<group>"; };
		3D6A117E2FD70F07003012AB /* Base */ = {isa = PBXFileReference; lastKnownFileType = text.html; name = Base; path = Base.lproj/Main.html; sourceTree = "<group>"; };
		3D6A11802FD70F07003012AB /* Icon.png */ = {isa = PBXFileReference; lastKnownFileType = image.png; path = Icon.png; sourceTree = "<group>"; };
		3D6A11822FD70F07003012AB /* Style.css */ = {isa = PBXFileReference; lastKnownFileType = text.css; path = Style.css; sourceTree = "<group>"; };
		3D6A11842FD70F07003012AB /* Script.js */ = {isa = PBXFileReference; lastKnownFileType = sourcecode.javascript; path = Script.js; sourceTree = "<group>"; };
		3D6A11862FD70F07003012AB /* ViewController.swift */ = {isa = PBXFileReference; lastKnownFileType = sourcecode.swift; path = ViewController.swift; sourceTree = "<group>"; };
		3D6A11892FD70F07003012AB /* Base */ = {isa = PBXFileReference; lastKnownFileType = file.storyboard; name = Base; path = Base.lproj/Main.storyboard; sourceTree = "<group>"; };
		3D6A118B2FD70F0A003012AB /* Assets.xcassets */ = {isa = PBXFileReference; lastKnownFileType = folder.assetcatalog; path = Assets.xcassets; sourceTree = "<group>"; };
		3D6A118D2FD70F0A003012AB /* Info.plist */ = {isa = PBXFileReference; lastKnownFileType = text.plist.xml; path = Info.plist; sourceTree = "<group>"; };
		3D6A11922FD70F0A003012AB /* Hookmarks Extension.appex */ = {isa = PBXFileReference; explicitFileType = "wrapper.app-extension"; includeInIndex = 0; path = "Hookmarks Extension.appex"; sourceTree = BUILT_PRODUCTS_DIR; };
		3D6A11972FD70F0A003012AB /* SafariWebExtensionHandler.swift */ = {isa = PBXFileReference; lastKnownFileType = sourcecode.swift; path = SafariWebExtensionHandler.swift; sourceTree = "<group>"; };
		3D6A11992FD70F0A003012AB /* Info.plist */ = {isa = PBXFileReference; lastKnownFileType = text.plist.xml; path = Info.plist; sourceTree = "<group>"; };
		3D6A11A42FD70F0B003012AB /* popup.js */ = {isa = PBXFileReference; lastKnownFileType = sourcecode.javascript; name = popup.js; path = ../../../plugins/safari/Resources/popup.js; sourceTree = "<group>"; };
		3D6A11A52FD70F0B003012AB /* popup.js.map */ = {isa = PBXFileReference; lastKnownFileType = "sourcecode.module-map"; name = popup.js.map; path = ../../../plugins/safari/Resources/popup.js.map; sourceTree = "<group>"; };
		3D6A11A62FD70F0B003012AB /* background.js */ = {isa = PBXFileReference; lastKnownFileType = sourcecode.javascript; name = background.js; path = ../../../plugins/safari/Resources/background.js; sourceTree = "<group>"; };
		3D6A11A72FD70F0B003012AB /* popup.html */ = {isa = PBXFileReference; lastKnownFileType = text.html; name = popup.html; path = ../../../plugins/safari/Resources/popup.html; sourceTree = "<group>"; };
		3D6A11A82FD70F0B003012AB /* content.js.map */ = {isa = PBXFileReference; lastKnownFileType = "sourcecode.module-map"; name = content.js.map; path = ../../../plugins/safari/Resources/content.js.map; sourceTree = "<group>"; };
		3D6A11A92FD70F0B003012AB /* manifest.json */ = {isa = PBXFileReference; lastKnownFileType = text.json; name = manifest.json; path = ../../../plugins/safari/Resources/manifest.json; sourceTree = "<group>"; };
		3D6A11AA2FD70F0B003012AB /* content.js */ = {isa = PBXFileReference; lastKnownFileType = sourcecode.javascript; name = content.js; path = ../../../plugins/safari/Resources/content.js; sourceTree = "<group>"; };
		3D6A11AB2FD70F0B003012AB /* background.js.map */ = {isa = PBXFileReference; lastKnownFileType = "sourcecode.module-map"; name = background.js.map; path = ../../../plugins/safari/Resources/background.js.map; sourceTree = "<group>"; };
/* End PBXFileReference section */

/* Begin PBXFrameworksBuildPhase section */
		3D6A11742FD70F07003012AB /* Frameworks */ = {
			isa = PBXFrameworksBuildPhase;
			buildActionMask = 2147483647;
			files = (
			);
			runOnlyForDeploymentPostprocessing = 0;
		};
		3D6A118F2FD70F0A003012AB /* Frameworks */ = {
			isa = PBXFrameworksBuildPhase;
			buildActionMask = 2147483647;
			files = (
			);
			runOnlyForDeploymentPostprocessing = 0;
		};
/* End PBXFrameworksBuildPhase section */

/* Begin PBXGroup section */
		3D6A116E2FD70F07003012AB = {
			isa = PBXGroup;
			children = (
				3D6A11792FD70F07003012AB /* Hookmarks */,
				3D6A11962FD70F0A003012AB /* Hookmarks Extension */,
				3D6A11782FD70F07003012AB /* Products */,
			);
			sourceTree = "<group>";
		};
		3D6A11782FD70F07003012AB /* Products */ = {
			isa = PBXGroup;
			children = (
				3D6A11772FD70F07003012AB /* Hookmarks.app */,
				3D6A11922FD70F0A003012AB /* Hookmarks Extension.appex */,
			);
			name = Products;
			sourceTree = "<group>";
		};
		3D6A11792FD70F07003012AB /* Hookmarks */ = {
			isa = PBXGroup;
			children = (
				3D6A117A2FD70F07003012AB /* AppDelegate.swift */,
				3D6A11862FD70F07003012AB /* ViewController.swift */,
				3D6A11882FD70F07003012AB /* Main.storyboard */,
				3D6A118B2FD70F0A003012AB /* Assets.xcassets */,
				3D6A118D2FD70F0A003012AB /* Info.plist */,
				3D6A117C2FD70F07003012AB /* Resources */,
			);
			path = Hookmarks;
			sourceTree = "<group>";
		};
		3D6A117C2FD70F07003012AB /* Resources */ = {
			isa = PBXGroup;
			children = (
				3D6A117D2FD70F07003012AB /* Main.html */,
				3D6A11802FD70F07003012AB /* Icon.png */,
				3D6A11822FD70F07003012AB /* Style.css */,
				3D6A11842FD70F07003012AB /* Script.js */,
			);
			path = Resources;
			sourceTree = "<group>";
		};
		3D6A11962FD70F0A003012AB /* Hookmarks Extension */ = {
			isa = PBXGroup;
			children = (
				3D6A11A32FD70F0B003012AB /* Resources */,
				3D6A11972FD70F0A003012AB /* SafariWebExtensionHandler.swift */,
				3D6A11992FD70F0A003012AB /* Info.plist */,
			);
			path = "Hookmarks Extension";
			sourceTree = "<group>";
		};
		3D6A11A32FD70F0B003012AB /* Resources */ = {
			isa = PBXGroup;
			children = (
				3D6A11A42FD70F0B003012AB /* popup.js */,
				3D6A11A52FD70F0B003012AB /* popup.js.map */,
				3D6A11A62FD70F0B003012AB /* background.js */,
				3D6A11A72FD70F0B003012AB /* popup.html */,
				3D6A11A82FD70F0B003012AB /* content.js.map */,
				3D6A11A92FD70F0B003012AB /* manifest.json */,
				3D6A11AA2FD70F0B003012AB /* content.js */,
				3D6A11AB2FD70F0B003012AB /* background.js.map */,
			);
			name = Resources;
			path = "Hookmarks Extension";
			sourceTree = SOURCE_ROOT;
		};
/* End PBXGroup section */

/* Begin PBXNativeTarget section */
		3D6A11762FD70F07003012AB /* Hookmarks */ = {
			isa = PBXNativeTarget;
			buildConfigurationList = 3D6A11A02FD70F0A003012AB /* Build configuration list for PBXNativeTarget "Hookmarks" */;
			buildPhases = (
				3D6A11732FD70F07003012AB /* Sources */,
				3D6A11742FD70F07003012AB /* Frameworks */,
				3D6A11752FD70F07003012AB /* Resources */,
				3D6A119F2FD70F0A003012AB /* Embed Foundation Extensions */,
			);
			buildRules = (
			);
			dependencies = (
				3D6A11952FD70F0A003012AB /* PBXTargetDependency */,
			);
			name = Hookmarks;
			packageProductDependencies = (
			);
			productName = Hookmarks;
			productReference = 3D6A11772FD70F07003012AB /* Hookmarks.app */;
			productType = "com.apple.product-type.application";
		};
		3D6A11912FD70F0A003012AB /* Hookmarks Extension */ = {
			isa = PBXNativeTarget;
			buildConfigurationList = 3D6A119C2FD70F0A003012AB /* Build configuration list for PBXNativeTarget "Hookmarks Extension" */;
			buildPhases = (
				3D6A118E2FD70F0A003012AB /* Sources */,
				3D6A118F2FD70F0A003012AB /* Frameworks */,
				3D6A11902FD70F0A003012AB /* Resources */,
			);
			buildRules = (
			);
			dependencies = (
			);
			name = "Hookmarks Extension";
			packageProductDependencies = (
			);
			productName = "Hookmarks Extension";
			productReference = 3D6A11922FD70F0A003012AB /* Hookmarks Extension.appex */;
			productType = "com.apple.product-type.app-extension";
		};
/* End PBXNativeTarget section */

/* Begin PBXProject section */
		3D6A116F2FD70F07003012AB /* Project object */ = {
			isa = PBXProject;
			attributes = {
				BuildIndependentTargetsInParallel = 1;
				LastSwiftUpdateCheck = 2650;
				LastUpgradeCheck = 2650;
				TargetAttributes = {
					3D6A11762FD70F07003012AB = {
						CreatedOnToolsVersion = 26.5;
					};
					3D6A11912FD70F0A003012AB = {
						CreatedOnToolsVersion = 26.5;
					};
				};
			};
			buildConfigurationList = 3D6A11722FD70F07003012AB /* Build configuration list for PBXProject "Hookmarks" */;
			developmentRegion = en;
			hasScannedForEncodings = 0;
			knownRegions = (
				en,
				Base,
			);
			mainGroup = 3D6A116E2FD70F07003012AB;
			minimizedProjectReferenceProxies = 1;
			preferredProjectObjectVersion = 77;
			productRefGroup = 3D6A11782FD70F07003012AB /* Products */;
			projectDirPath = "";
			projectRoot = "";
			targets = (
				3D6A11762FD70F07003012AB /* Hookmarks */,
				3D6A11912FD70F0A003012AB /* Hookmarks Extension */,
			);
		};
/* End PBXProject section */

/* Begin PBXResourcesBuildPhase section */
		3D6A11752FD70F07003012AB /* Resources */ = {
			isa = PBXResourcesBuildPhase;
			buildActionMask = 2147483647;
			files = (
				3D6A11812FD70F07003012AB /* Icon.png in Resources */,
				3D6A118A2FD70F07003012AB /* Main.storyboard in Resources */,
				3D6A11852FD70F07003012AB /* Script.js in Resources */,
				3D6A117F2FD70F07003012AB /* Main.html in Resources */,
				3D6A118C2FD70F0A003012AB /* Assets.xcassets in Resources */,
				3D6A11832FD70F07003012AB /* Style.css in Resources */,
			);
			runOnlyForDeploymentPostprocessing = 0;
		};
		3D6A11902FD70F0A003012AB /* Resources */ = {
			isa = PBXResourcesBuildPhase;
			buildActionMask = 2147483647;
			files = (
				3D6A11AF2FD70F0B003012AB /* manifest.json in Resources */,
				3D6A11AD2FD70F0B003012AB /* background.js in Resources */,
				3D6A11AE2FD70F0B003012AB /* popup.html in Resources */,
				3D6A11AC2FD70F0B003012AB /* popup.js in Resources */,
				3D6A11B02FD70F0B003012AB /* content.js in Resources */,
			);
			runOnlyForDeploymentPostprocessing = 0;
		};
/* End PBXResourcesBuildPhase section */

/* Begin PBXSourcesBuildPhase section */
		3D6A11732FD70F07003012AB /* Sources */ = {
			isa = PBXSourcesBuildPhase;
			buildActionMask = 2147483647;
			files = (
				3D6A11872FD70F07003012AB /* ViewController.swift in Sources */,
				3D6A117B2FD70F07003012AB /* AppDelegate.swift in Sources */,
			);
			runOnlyForDeploymentPostprocessing = 0;
		};
		3D6A118E2FD70F0A003012AB /* Sources */ = {
			isa = PBXSourcesBuildPhase;
			buildActionMask = 2147483647;
			files = (
				3D6A11982FD70F0A003012AB /* SafariWebExtensionHandler.swift in Sources */,
			);
			runOnlyForDeploymentPostprocessing = 0;
		};
/* End PBXSourcesBuildPhase section */

/* Begin PBXTargetDependency section */
		3D6A11952FD70F0A003012AB /* PBXTargetDependency */ = {
			isa = PBXTargetDependency;
			target = 3D6A11912FD70F0A003012AB /* Hookmarks Extension */;
			targetProxy = 3D6A11942FD70F0A003012AB /* PBXContainerItemProxy */;
		};
/* End PBXTargetDependency section */

/* Begin PBXVariantGroup section */
		3D6A117D2FD70F07003012AB /* Main.html */ = {
			isa = PBXVariantGroup;
			children = (
				3D6A117E2FD70F07003012AB /* Base */,
			);
			name = Main.html;
			sourceTree = "<group>";
		};
		3D6A11882FD70F07003012AB /* Main.storyboard */ = {
			isa = PBXVariantGroup;
			children = (
				3D6A11892FD70F07003012AB /* Base */,
			);
			name = Main.storyboard;
			sourceTree = "<group>";
		};
/* End PBXVariantGroup section */

/* Begin XCBuildConfiguration section */
		3D6A119A2FD70F0A003012AB /* Debug */ = {
			isa = XCBuildConfiguration;
			buildSettings = {
				ALWAYS_SEARCH_USER_PATHS = NO;
				ASSETCATALOG_COMPILER_GENERATE_SWIFT_ASSET_SYMBOL_EXTENSIONS = YES;
				CLANG_ANALYZER_NONNULL = YES;
				CLANG_ANALYZER_NUMBER_OBJECT_CONVERSION = YES_AGGRESSIVE;
				CLANG_CXX_LANGUAGE_STANDARD = "gnu++20";
				CLANG_ENABLE_MODULES = YES;
				CLANG_ENABLE_OBJC_ARC = YES;
				CLANG_ENABLE_OBJC_WEAK = YES;
				CLANG_WARN_BLOCK_CAPTURE_AUTORELEASING = YES;
				CLANG_WARN_BOOL_CONVERSION = YES;
				CLANG_WARN_COMMA = YES;
				CLANG_WARN_CONSTANT_CONVERSION = YES;
				CLANG_WARN_DEPRECATED_OBJC_IMPLEMENTATIONS = YES;
				CLANG_WARN_DIRECT_OBJC_ISA_USAGE = YES_ERROR;
				CLANG_WARN_DOCUMENTATION_COMMENTS = YES;
				CLANG_WARN_EMPTY_BODY = YES;
				CLANG_WARN_ENUM_CONVERSION = YES;
				CLANG_WARN_INFINITE_RECURSION = YES;
				CLANG_WARN_INT_CONVERSION = YES;
				CLANG_WARN_NON_LITERAL_NULL_CONVERSION = YES;
				CLANG_WARN_OBJC_IMPLICIT_RETAIN_SELF = YES;
				CLANG_WARN_OBJC_LITERAL_CONVERSION = YES;
				CLANG_WARN_OBJC_ROOT_CLASS = YES_ERROR;
				CLANG_WARN_QUOTED_INCLUDE_IN_FRAMEWORK_HEADER = YES;
				CLANG_WARN_RANGE_LOOP_ANALYSIS = YES;
				CLANG_WARN_STRICT_PROTOTYPES = YES;
				CLANG_WARN_SUSPICIOUS_MOVE = YES;
				CLANG_WARN_UNGUARDED_AVAILABILITY = YES_AGGRESSIVE;
				CLANG_WARN_UNREACHABLE_CODE = YES;
				CLANG_WARN__DUPLICATE_METHOD_MATCH = YES;
				COPY_PHASE_STRIP = NO;
				DEBUG_INFORMATION_FORMAT = dwarf;
				ENABLE_STRICT_OBJC_MSGSEND = YES;
				ENABLE_TESTABILITY = YES;
				ENABLE_USER_SCRIPT_SANDBOXING = YES;
				GCC_C_LANGUAGE_STANDARD = gnu17;
				GCC_DYNAMIC_NO_PIC = NO;
				GCC_NO_COMMON_BLOCKS = YES;
				GCC_OPTIMIZATION_LEVEL = 0;
				GCC_PREPROCESSOR_DEFINITIONS = (
					"DEBUG=1",
					"$(inherited)",
				);
				GCC_WARN_64_TO_32_BIT_CONVERSION = YES;
				GCC_WARN_ABOUT_RETURN_TYPE = YES_ERROR;
				GCC_WARN_UNDECLARED_SELECTOR = YES;
				GCC_WARN_UNINITIALIZED_AUTOS = YES_AGGRESSIVE;
				GCC_WARN_UNUSED_FUNCTION = YES;
				GCC_WARN_UNUSED_VARIABLE = YES;
				LOCALIZATION_PREFERS_STRING_CATALOGS = YES;
				MACOSX_DEPLOYMENT_TARGET = 26.5;
				MTL_ENABLE_DEBUG_INFO = INCLUDE_SOURCE;
				MTL_FAST_MATH = YES;
				ONLY_ACTIVE_ARCH = YES;
				SDKROOT = macosx;
				SWIFT_ACTIVE_COMPILATION_CONDITIONS = "DEBUG $(inherited)";
				SWIFT_OPTIMIZATION_LEVEL = "-Onone";
			};
			name = Debug;
		};
		3D6A119B2FD70F0A003012AB /* Release */ = {
			isa = XCBuildConfiguration;
			buildSettings = {
				ALWAYS_SEARCH_USER_PATHS = NO;
				ASSETCATALOG_COMPILER_GENERATE_SWIFT_ASSET_SYMBOL_EXTENSIONS = YES;
				CLANG_ANALYZER_NONNULL = YES;
				CLANG_ANALYZER_NUMBER_OBJECT_CONVERSION = YES_AGGRESSIVE;
				CLANG_CXX_LANGUAGE_STANDARD = "gnu++20";
				CLANG_ENABLE_MODULES = YES;
				CLANG_ENABLE_OBJC_ARC = YES;
				CLANG_ENABLE_OBJC_WEAK = YES;
				CLANG_WARN_BLOCK_CAPTURE_AUTORELEASING = YES;
				CLANG_WARN_BOOL_CONVERSION = YES;
				CLANG_WARN_COMMA = YES;
				CLANG_WARN_CONSTANT_CONVERSION = YES;
				CLANG_WARN_DEPRECATED_OBJC_IMPLEMENTATIONS = YES;
				CLANG_WARN_DIRECT_OBJC_ISA_USAGE = YES_ERROR;
				CLANG_WARN_DOCUMENTATION_COMMENTS = YES;
				CLANG_WARN_EMPTY_BODY = YES;
				CLANG_WARN_ENUM_CONVERSION = YES;
				CLANG_WARN_INFINITE_RECURSION = YES;
				CLANG_WARN_INT_CONVERSION = YES;
				CLANG_WARN_NON_LITERAL_NULL_CONVERSION = YES;
				CLANG_WARN_OBJC_IMPLICIT_RETAIN_SELF = YES;
				CLANG_WARN_OBJC_LITERAL_CONVERSION = YES;
				CLANG_WARN_OBJC_ROOT_CLASS = YES_ERROR;
				CLANG_WARN_QUOTED_INCLUDE_IN_FRAMEWORK_HEADER = YES;
				CLANG_WARN_RANGE_LOOP_ANALYSIS = YES;
				CLANG_WARN_STRICT_PROTOTYPES = YES;
				CLANG_WARN_SUSPICIOUS_MOVE = YES;
				CLANG_WARN_UNGUARDED_AVAILABILITY = YES_AGGRESSIVE;
				CLANG_WARN_UNREACHABLE_CODE = YES;
				CLANG_WARN__DUPLICATE_METHOD_MATCH = YES;
				COPY_PHASE_STRIP = NO;
				DEBUG_INFORMATION_FORMAT = "dwarf-with-dsym";
				ENABLE_NS_ASSERTIONS = NO;
				ENABLE_STRICT_OBJC_MSGSEND = YES;
				ENABLE_USER_SCRIPT_SANDBOXING = YES;
				GCC_C_LANGUAGE_STANDARD = gnu17;
				GCC_NO_COMMON_BLOCKS = YES;
				GCC_WARN_64_TO_32_BIT_CONVERSION = YES;
				GCC_WARN_ABOUT_RETURN_TYPE = YES_ERROR;
				GCC_WARN_UNDECLARED_SELECTOR = YES;
				GCC_WARN_UNINITIALIZED_AUTOS = YES_AGGRESSIVE;
				GCC_WARN_UNUSED_FUNCTION = YES;
				GCC_WARN_UNUSED_VARIABLE = YES;
				LOCALIZATION_PREFERS_STRING_CATALOGS = YES;
				MACOSX_DEPLOYMENT_TARGET = 26.5;
				MTL_ENABLE_DEBUG_INFO = NO;
				MTL_FAST_MATH = YES;
				SDKROOT = macosx;
				SWIFT_COMPILATION_MODE = wholemodule;
			};
			name = Release;
		};
		3D6A119D2FD70F0A003012AB /* Debug */ = {
			isa = XCBuildConfiguration;
			buildSettings = {
				CODE_SIGN_STYLE = Automatic;
				CURRENT_PROJECT_VERSION = 1;
				ENABLE_APP_SANDBOX = YES;
				ENABLE_HARDENED_RUNTIME = YES;
				ENABLE_USER_SELECTED_FILES = readonly;
				GENERATE_INFOPLIST_FILE = YES;
				INFOPLIST_FILE = "Hookmarks Extension/Info.plist";
				INFOPLIST_KEY_CFBundleDisplayName = "Hookmarks Extension";
				INFOPLIST_KEY_NSHumanReadableCopyright = "";
				LD_RUNPATH_SEARCH_PATHS = (
					"$(inherited)",
					"@executable_path/../Frameworks",
					"@executable_path/../../../../Frameworks",
				);
				MACOSX_DEPLOYMENT_TARGET = 10.14;
				MARKETING_VERSION = 1.0;
				OTHER_LDFLAGS = (
					"-framework",
					SafariServices,
				);
				PRODUCT_BUNDLE_IDENTIFIER = "app.hitchmark.safari-extension";
				PRODUCT_NAME = "$(TARGET_NAME)";
				SKIP_INSTALL = YES;
				STRING_CATALOG_GENERATE_SYMBOLS = YES;
				SWIFT_APPROACHABLE_CONCURRENCY = YES;
				SWIFT_EMIT_LOC_STRINGS = YES;
				SWIFT_UPCOMING_FEATURE_MEMBER_IMPORT_VISIBILITY = YES;
				SWIFT_VERSION = 5.0;
			};
			name = Debug;
		};
		3D6A119E2FD70F0A003012AB /* Release */ = {
			isa = XCBuildConfiguration;
			buildSettings = {
				CODE_SIGN_STYLE = Automatic;
				CURRENT_PROJECT_VERSION = 1;
				ENABLE_APP_SANDBOX = YES;
				ENABLE_HARDENED_RUNTIME = YES;
				ENABLE_USER_SELECTED_FILES = readonly;
				GENERATE_INFOPLIST_FILE = YES;
				INFOPLIST_FILE = "Hookmarks Extension/Info.plist";
				INFOPLIST_KEY_CFBundleDisplayName = "Hookmarks Extension";
				INFOPLIST_KEY_NSHumanReadableCopyright = "";
				LD_RUNPATH_SEARCH_PATHS = (
					"$(inherited)",
					"@executable_path/../Frameworks",
					"@executable_path/../../../../Frameworks",
				);
				MACOSX_DEPLOYMENT_TARGET = 10.14;
				MARKETING_VERSION = 1.0;
				OTHER_LDFLAGS = (
					"-framework",
					SafariServices,
				);
				PRODUCT_BUNDLE_IDENTIFIER = "app.hitchmark.safari-extension";
				PRODUCT_NAME = "$(TARGET_NAME)";
				SKIP_INSTALL = YES;
				STRING_CATALOG_GENERATE_SYMBOLS = YES;
				SWIFT_APPROACHABLE_CONCURRENCY = YES;
				SWIFT_EMIT_LOC_STRINGS = YES;
				SWIFT_UPCOMING_FEATURE_MEMBER_IMPORT_VISIBILITY = YES;
				SWIFT_VERSION = 5.0;
			};
			name = Release;
		};
		3D6A11A12FD70F0A003012AB /* Debug */ = {
			isa = XCBuildConfiguration;
			buildSettings = {
				ASSETCATALOG_COMPILER_APPICON_NAME = AppIcon;
				ASSETCATALOG_COMPILER_GLOBAL_ACCENT_COLOR_NAME = AccentColor;
				CODE_SIGN_STYLE = Automatic;
				COMBINE_HIDPI_IMAGES = YES;
				CURRENT_PROJECT_VERSION = 1;
				ENABLE_APP_SANDBOX = YES;
				ENABLE_HARDENED_RUNTIME = YES;
				ENABLE_OUTGOING_NETWORK_CONNECTIONS = YES;
				ENABLE_USER_SELECTED_FILES = readonly;
				GENERATE_INFOPLIST_FILE = YES;
				INFOPLIST_FILE = Hookmarks/Info.plist;
				INFOPLIST_KEY_CFBundleDisplayName = Hookmarks;
				INFOPLIST_KEY_NSHumanReadableCopyright = "";
				INFOPLIST_KEY_NSMainStoryboardFile = Main;
				INFOPLIST_KEY_NSPrincipalClass = NSApplication;
				LD_RUNPATH_SEARCH_PATHS = (
					"$(inherited)",
					"@executable_path/../Frameworks",
				);
				MARKETING_VERSION = 1.0;
				OTHER_LDFLAGS = (
					"-framework",
					SafariServices,
					"-framework",
					WebKit,
				);
				PRODUCT_BUNDLE_IDENTIFIER = app.hitchmark;
				PRODUCT_NAME = "$(TARGET_NAME)";
				REGISTER_APP_GROUPS = YES;
				STRING_CATALOG_GENERATE_SYMBOLS = YES;
				SWIFT_APPROACHABLE_CONCURRENCY = YES;
				SWIFT_DEFAULT_ACTOR_ISOLATION = MainActor;
				SWIFT_EMIT_LOC_STRINGS = YES;
				SWIFT_UPCOMING_FEATURE_MEMBER_IMPORT_VISIBILITY = YES;
				SWIFT_VERSION = 5.0;
			};
			name = Debug;
		};
		3D6A11A22FD70F0A003012AB /* Release */ = {
			isa = XCBuildConfiguration;
			buildSettings = {
				ASSETCATALOG_COMPILER_APPICON_NAME = AppIcon;
				ASSETCATALOG_COMPILER_GLOBAL_ACCENT_COLOR_NAME = AccentColor;
				CODE_SIGN_STYLE = Automatic;
				COMBINE_HIDPI_IMAGES = YES;
				CURRENT_PROJECT_VERSION = 1;
				ENABLE_APP_SANDBOX = YES;
				ENABLE_HARDENED_RUNTIME = YES;
				ENABLE_OUTGOING_NETWORK_CONNECTIONS = YES;
				ENABLE_USER_SELECTED_FILES = readonly;
				GENERATE_INFOPLIST_FILE = YES;
				INFOPLIST_FILE = Hookmarks/Info.plist;
				INFOPLIST_KEY_CFBundleDisplayName = Hookmarks;
				INFOPLIST_KEY_NSHumanReadableCopyright = "";
				INFOPLIST_KEY_NSMainStoryboardFile = Main;
				INFOPLIST_KEY_NSPrincipalClass = NSApplication;
				LD_RUNPATH_SEARCH_PATHS = (
					"$(inherited)",
					"@executable_path/../Frameworks",
				);
				MARKETING_VERSION = 1.0;
				OTHER_LDFLAGS = (
					"-framework",
					SafariServices,
					"-framework",
					WebKit,
				);
				PRODUCT_BUNDLE_IDENTIFIER = app.hitchmark;
				PRODUCT_NAME = "$(TARGET_NAME)";
				REGISTER_APP_GROUPS = YES;
				STRING_CATALOG_GENERATE_SYMBOLS = YES;
				SWIFT_APPROACHABLE_CONCURRENCY = YES;
				SWIFT_DEFAULT_ACTOR_ISOLATION = MainActor;
				SWIFT_EMIT_LOC_STRINGS = YES;
				SWIFT_UPCOMING_FEATURE_MEMBER_IMPORT_VISIBILITY = YES;
				SWIFT_VERSION = 5.0;
			};
			name = Release;
		};
/* End XCBuildConfiguration section */

/* Begin XCConfigurationList section */
		3D6A11722FD70F07003012AB /* Build configuration list for PBXProject "Hookmarks" */ = {
			isa = XCConfigurationList;
			buildConfigurations = (
				3D6A119A2FD70F0A003012AB /* Debug */,
				3D6A119B2FD70F0A003012AB /* Release */,
			);
			defaultConfigurationIsVisible = 0;
			defaultConfigurationName = Release;
		};
		3D6A119C2FD70F0A003012AB /* Build configuration list for PBXNativeTarget "Hookmarks Extension" */ = {
			isa = XCConfigurationList;
			buildConfigurations = (
				3D6A119D2FD70F0A003012AB /* Debug */,
				3D6A119E2FD70F0A003012AB /* Release */,
			);
			defaultConfigurationIsVisible = 0;
			defaultConfigurationName = Release;
		};
		3D6A11A02FD70F0A003012AB /* Build configuration list for PBXNativeTarget "Hookmarks" */ = {
			isa = XCConfigurationList;
			buildConfigurations = (
				3D6A11A12FD70F0A003012AB /* Debug */,
				3D6A11A22FD70F0A003012AB /* Release */,
			);
			defaultConfigurationIsVisible = 0;
			defaultConfigurationName = Release;
		};
/* End XCConfigurationList section */
	};
	rootObject = 3D6A116F2FD70F07003012AB /* Project object */;
}
